
Microsoft Visual Studio Solution File, Format Version 12.00
# Visual Studio Version 17
VisualStudioVersion = 17.13.35825.156
MinimumVisualStudioVersion = 10.0.40219.1
Project("{FAE04EC0-301F-11D3-BF4B-00C04F79EFBC}") = "CEKA_APP", "CEKA_APP\CEKA_APP.csproj", "{81154A3F-C98D-4F3F-AAC9-B3395B0B22F9}"
EndProject
Global
	GlobalSection(SolutionConfigurationPlatforms) = preSolution
		Debug|Any CPU = Debug|Any CPU
		Release|Any CPU = Release|Any CPU
	EndGlobalSection
	GlobalSection(ProjectConfigurationPlatforms) = postSolution
		{81154A3F-C98D-4F3F-AAC9-B3395B0B22F9}.Debug|Any CPU.ActiveCfg = Release|Any CPU
		{81154A3F-C98D-4F3F-AAC9-B3395B0B22F9}.Debug|Any CPU.Build.0 = Release|Any CPU
		{81154A3F-C98D-4F3F-AAC9-B3395B0B22F9}.Release|Any CPU.ActiveCfg = Debug|Any CPU
		{81154A3F-C98D-4F3F-AAC9-B3395B0B22F9}.Release|Any CPU.Build.0 = Debug|Any CPU
	EndGlobalSection
	GlobalSection(SolutionProperties) = preSolution
		HideSolutionNode = FALSE
	EndGlobalSection
	GlobalSection(ExtensibilityGlobals) = postSolution
		SolutionGuid = {BD9EB6FC-088D-4256-95C4-6553DCA06E3A}
	EndGlobalSection
EndGlobal
